// !$*UTF8*$!
{
	archiveVersion = 1;
	classes = {
	};
	objectVersion = 110;
	objects = {

/* Begin PBXBuildFile section */
		55DF304330487811009C9AE6 /* Compass Watch App.app in Embed Watch Content */ = {isa = PBXBuildFile; fileRef = 55DF304230487811009C9AE6 /* Compass Watch App.app */; settings = {ATTRIBUTES = (RemoveHeadersOnCopy, ); }; };
/* End PBXBuildFile section */

/* Begin PBXContainerItemProxy section */
		55DF304430487811009C9AE6 /* PBXContainerItemProxy */ = {
			isa = PBXContainerItemProxy;
			containerPortal = 55DF303630487811009C9AE6 /* Project object */;
			proxyType = 1;
			remoteGlobalIDString = 55DF304130487811009C9AE6;
			remoteInfo = "Compass Watch App";
		};
		55DF305230487812009C9AE6 /* PBXContainerItemProxy */ = {
			isa = PBXContainerItemProxy;
			containerPortal = 55DF303630487811009C9AE6 /* Project object */;
			proxyType = 1;
			remoteGlobalIDString = 55DF304130487811009C9AE6;
			remoteInfo = "Compass Watch App";
		};
		55DF305C30487812009C9AE6 /* PBXContainerItemProxy */ = {
			isa = PBXContainerItemProxy;
			containerPortal = 55DF303630487811009C9AE6 /* Project object */;
			proxyType = 1;
			remoteGlobalIDString = 55DF304130487811009C9AE6;
			remoteInfo = "Compass Watch App";
		};
/* End PBXContainerItemProxy section */

/* Begin PBXCopyFilesBuildPhase section */
		55DF306630487812009C9AE6 /* Embed Watch Content */ = {
			isa = PBXCopyFilesBuildPhase;
			dstPath = "$(CONTENTS_FOLDER_PATH)/Watch";
			dstSubfolder = Product;
			files = (
				55DF304330487811009C9AE6 /* Compass Watch App.app in Embed Watch Content */,
			);
			name = "Embed Watch Content";
		};
/* End PBXCopyFilesBuildPhase section */

/* Begin PBXFileReference section */
		55DF303C30487811009C9AE6 /* Compass.app */ = {isa = PBXFileReference; explicitFileType = wrapper.application; includeInIndex = 0; path = Compass.app; sourceTree = BUILT_PRODUCTS_DIR; };
		55DF304230487811009C9AE6 /* Compass Watch App.app */ = {isa = PBXFileReference; explicitFileType = wrapper.application; includeInIndex = 0; path = "Compass Watch App.app"; sourceTree = BUILT_PRODUCTS_DIR; };
		55DF305130487812009C9AE6 /* Compass Watch AppTests.xctest */ = {isa = PBXFileReference; explicitFileType = wrapper.cfbundle; includeInIndex = 0; path = "Compass Watch AppTests.xctest"; sourceTree = BUILT_PRODUCTS_DIR; };
		55DF305B30487812009C9AE6 /* Compass Watch AppUITests.xctest */ = {isa = PBXFileReference; explicitFileType = wrapper.cfbundle; includeInIndex = 0; path = "Compass Watch AppUITests.xctest"; sourceTree = BUILT_PRODUCTS_DIR; };
/* End PBXFileReference section */

/* Begin PBXFileSystemSynchronizedRootGroup section */
		55DF304630487811009C9AE6 /* Compass Watch App */ = {
			isa = PBXFileSystemSynchronizedRootGroup;
			path = "Compass Watch App";
			sourceTree = "<group>";
		};
		55DF305430487812009C9AE6 /* Compass Watch AppTests */ = {
			isa = PBXFileSystemSynchronizedRootGroup;
			path = "Compass Watch AppTests";
			sourceTree = "<group>";
		};
		55DF305E30487812009C9AE6 /* Compass Watch AppUITests */ = {
			isa = PBXFileSystemSynchronizedRootGroup;
			path = "Compass Watch AppUITests";
			sourceTree = "<group>";
		};
/* End PBXFileSystemSynchronizedRootGroup section */

/* Begin PBXFrameworksBuildPhase section */
		55DF303F30487811009C9AE6 /* Frameworks */ = {
			isa = PBXFrameworksBuildPhase;
			files = (
			);
		};
		55DF304E30487812009C9AE6 /* Frameworks */ = {
			isa = PBXFrameworksBuildPhase;
			files = (
			);
		};
		55DF305830487812009C9AE6 /* Frameworks */ = {
			isa = PBXFrameworksBuildPhase;
			files = (
			);
		};
/* End PBXFrameworksBuildPhase section */

/* Begin PBXGroup section */
		55DF303530487811009C9AE6 = {
			isa = PBXGroup;
			children = (
				55DF304630487811009C9AE6 /* Compass Watch App */,
				55DF305430487812009C9AE6 /* Compass Watch AppTests */,
				55DF305E30487812009C9AE6 /* Compass Watch AppUITests */,
				55DF303D30487811009C9AE6 /* Products */,
			);
			sourceTree = "<group>";
		};
		55DF303D30487811009C9AE6 /* Products */ = {
			isa = PBXGroup;
			children = (
				55DF303C30487811009C9AE6 /* Compass.app */,
				55DF304230487811009C9AE6 /* Compass Watch App.app */,
				55DF305130487812009C9AE6 /* Compass Watch AppTests.xctest */,
				55DF305B30487812009C9AE6 /* Compass Watch AppUITests.xctest */,
			);
			name = Products;
			sourceTree = "<group>";
		};
/* End PBXGroup section */

/* Begin PBXNativeTarget section */
		55DF303B30487811009C9AE6 /* Compass */ = {
			isa = PBXNativeTarget;
			buildConfigurationList = 55DF306730487812009C9AE6 /* Build configuration list for PBXNativeTarget "Compass" */;
			buildPhases = (
				55DF303A30487811009C9AE6 /* Resources */,
				55DF306630487812009C9AE6 /* Embed Watch Content */,
			);
			buildRules = (
			);
			dependencies = (
				55DF304530487811009C9AE6 /* PBXTargetDependency */,
			);
			name = Compass;
			productName = Compass;
			productReference = 55DF303C30487811009C9AE6 /* Compass.app */;
			productType = "com.apple.product-type.application.watchapp2-container";
		};
		55DF304130487811009C9AE6 /* Compass Watch App */ = {
			isa = PBXNativeTarget;
			buildConfigurationList = 55DF306330487812009C9AE6 /* Build configuration list for PBXNativeTarget "Compass Watch App" */;
			buildPhases = (
				55DF303E30487811009C9AE6 /* Sources */,
				55DF303F30487811009C9AE6 /* Frameworks */,
				55DF304030487811009C9AE6 /* Resources */,
			);
			buildRules = (
			);
			fileSystemSynchronizedGroups = (
				55DF304630487811009C9AE6 /* Compass Watch App */,
			);
			name = "Compass Watch App";
			productName = "Compass Watch App";
			productReference = 55DF304230487811009C9AE6 /* Compass Watch App.app */;
			productType = "com.apple.product-type.application";
		};
		55DF305030487812009C9AE6 /* Compass Watch AppTests */ = {
			isa = PBXNativeTarget;
			buildConfigurationList = 55DF306A30487812009C9AE6 /* Build configuration list for PBXNativeTarget "Compass Watch AppTests" */;
			buildPhases = (
				55DF304D30487812009C9AE6 /* Sources */,
				55DF304E30487812009C9AE6 /* Frameworks */,
				55DF304F30487812009C9AE6 /* Resources */,
			);
			buildRules = (
			);
			dependencies = (
				55DF305330487812009C9AE6 /* PBXTargetDependency */,
			);
			fileSystemSynchronizedGroups = (
				55DF305430487812009C9AE6 /* Compass Watch AppTests */,
			);
			name = "Compass Watch AppTests";
			productName = "Compass Watch AppTests";
			productReference = 55DF305130487812009C9AE6 /* Compass Watch AppTests.xctest */;
			productType = "com.apple.product-type.bundle.unit-test";
		};
		55DF305A30487812009C9AE6 /* Compass Watch AppUITests */ = {
			isa = PBXNativeTarget;
			buildConfigurationList = 55DF306D30487812009C9AE6 /* Build configuration list for PBXNativeTarget "Compass Watch AppUITests" */;
			buildPhases = (
				55DF305730487812009C9AE6 /* Sources */,
				55DF305830487812009C9AE6 /* Frameworks */,
				55DF305930487812009C9AE6 /* Resources */,
			);
			buildRules = (
			);
			dependencies = (
				55DF305D30487812009C9AE6 /* PBXTargetDependency */,
			);
			fileSystemSynchronizedGroups = (
				55DF305E30487812009C9AE6 /* Compass Watch AppUITests */,
			);
			name = "Compass Watch AppUITests";
			productName = "Compass Watch AppUITests";
			productReference = 55DF305B30487812009C9AE6 /* Compass Watch AppUITests.xctest */;
			productType = "com.apple.product-type.bundle.ui-testing";
		};
/* End PBXNativeTarget section */

/* Begin PBXProject section */
		55DF303630487811009C9AE6 /* Project object */ = {
			isa = PBXProject;
			attributes = {
				BuildIndependentTargetsInParallel = 1;
				LastSwiftUpdateCheck = 2700;
				LastUpgradeCheck = 2700;
				TargetAttributes = {
					55DF303B30487811009C9AE6 = {
						CreatedOnToolsVersion = 27.0;
					};
					55DF304130487811009C9AE6 = {
						CreatedOnToolsVersion = 27.0;
					};
					55DF305030487812009C9AE6 = {
						CreatedOnToolsVersion = 27.0;
						TestTargetID = 55DF304130487811009C9AE6;
					};
					55DF305A30487812009C9AE6 = {
						CreatedOnToolsVersion = 27.0;
						TestTargetID = 55DF304130487811009C9AE6;
					};
				};
			};
			buildConfigurationList = 55DF303930487811009C9AE6 /* Build configuration list for PBXProject "Compass" */;
			developmentRegion = en;
			hasScannedForEncodings = 0;
			knownRegions = (
				en,
				Base,
			);
			mainGroup = 55DF303530487811009C9AE6;
			minimizedProjectReferenceProxies = 1;
			preferredProjectObjectVersion = 77;
			productRefGroup = 55DF303D30487811009C9AE6 /* Products */;
			projectDirPath = "";
			projectRoot = "";
			targets = (
				55DF303B30487811009C9AE6 /* Compass */,
				55DF304130487811009C9AE6 /* Compass Watch App */,
				55DF305030487812009C9AE6 /* Compass Watch AppTests */,
				55DF305A30487812009C9AE6 /* Compass Watch AppUITests */,
			);
		};
/* End PBXProject section */

/* Begin PBXResourcesBuildPhase section */
		55DF303A30487811009C9AE6 /* Resources */ = {
			isa = PBXResourcesBuildPhase;
			files = (
			);
		};
		55DF304030487811009C9AE6 /* Resources */ = {
			isa = PBXResourcesBuildPhase;
			files = (
			);
		};
		55DF304F30487812009C9AE6 /* Resources */ = {
			isa = PBXResourcesBuildPhase;
			files = (
			);
		};
		55DF305930487812009C9AE6 /* Resources */ = {
			isa = PBXResourcesBuildPhase;
			files = (
			);
		};
/* End PBXResourcesBuildPhase section */

/* Begin PBXSourcesBuildPhase section */
		55DF303E30487811009C9AE6 /* Sources */ = {
			isa = PBXSourcesBuildPhase;
			files = (
			);
		};
		55DF304D30487812009C9AE6 /* Sources */ = {
			isa = PBXSourcesBuildPhase;
			files = (
			);
		};
		55DF305730487812009C9AE6 /* Sources */ = {
			isa = PBXSourcesBuildPhase;
			files = (
			);
		};
/* End PBXSourcesBuildPhase section */

/* Begin PBXTargetDependency section */
		55DF304530487811009C9AE6 /* PBXTargetDependency */ = {
			isa = PBXTargetDependency;
			target = 55DF304130487811009C9AE6 /* Compass Watch App */;
			targetProxy = 55DF304430487811009C9AE6 /* PBXContainerItemProxy */;
		};
		55DF305330487812009C9AE6 /* PBXTargetDependency */ = {
			isa = PBXTargetDependency;
			target = 55DF304130487811009C9AE6 /* Compass Watch App */;
			targetProxy = 55DF305230487812009C9AE6 /* PBXContainerItemProxy */;
		};
		55DF305D30487812009C9AE6 /* PBXTargetDependency */ = {
			isa = PBXTargetDependency;
			target = 55DF304130487811009C9AE6 /* Compass Watch App */;
			targetProxy = 55DF305C30487812009C9AE6 /* PBXContainerItemProxy */;
		};
/* End PBXTargetDependency section */

/* Begin XCBuildConfiguration section */
		55DF306130487812009C9AE6 /* Debug configuration for PBXProject "Compass" */ = {
			isa = XCBuildConfiguration;
			buildSettings = {
				ALWAYS_SEARCH_USER_PATHS = NO;
				ASSETCATALOG_COMPILER_GENERATE_SWIFT_ASSET_SYMBOL_EXTENSIONS = YES;
				CLANG_ANALYZER_NONNULL = YES;
				CLANG_ANALYZER_NUMBER_OBJECT_CONVERSION = YES_AGGRESSIVE;
				CLANG_CXX_LANGUAGE_STANDARD = "gnu++20";
				CLANG_ENABLE_MODULES = YES;
				CLANG_ENABLE_OBJC_ARC = YES;
				CLANG_ENABLE_OBJC_WEAK = YES;
				CLANG_WARN_BLOCK_CAPTURE_AUTORELEASING = YES;
				CLANG_WARN_BOOL_CONVERSION = YES;
				CLANG_WARN_COMMA = YES;
				CLANG_WARN_CONSTANT_CONVERSION = YES;
				CLANG_WARN_DEPRECATED_OBJC_IMPLEMENTATIONS = YES;
				CLANG_WARN_DIRECT_OBJC_ISA_USAGE = YES_ERROR;
				CLANG_WARN_DOCUMENTATION_COMMENTS = YES;
				CLANG_WARN_EMPTY_BODY = YES;
				CLANG_WARN_ENUM_CONVERSION = YES;
				CLANG_WARN_INFINITE_RECURSION = YES;
				CLANG_WARN_INT_CONVERSION = YES;
				CLANG_WARN_NON_LITERAL_NULL_CONVERSION = YES;
				CLANG_WARN_OBJC_IMPLICIT_RETAIN_SELF = YES;
				CLANG_WARN_OBJC_LITERAL_CONVERSION = YES;
				CLANG_WARN_OBJC_ROOT_CLASS = YES_ERROR;
				CLANG_WARN_QUOTED_INCLUDE_IN_FRAMEWORK_HEADER = YES;
				CLANG_WARN_RANGE_LOOP_ANALYSIS = YES;
				CLANG_WARN_STRICT_PROTOTYPES = YES;
				CLANG_WARN_SUSPICIOUS_MOVE = YES;
				CLANG_WARN_UNGUARDED_AVAILABILITY = YES_AGGRESSIVE;
				CLANG_WARN_UNREACHABLE_CODE = YES;
				CLANG_WARN__DUPLICATE_METHOD_MATCH = YES;
				COPY_PHASE_STRIP = NO;
				DEBUG_INFORMATION_FORMAT = dwarf;
				DEVELOPMENT_TEAM = J3W2C3UWFS;
				ENABLE_STRICT_OBJC_MSGSEND = YES;
				ENABLE_TESTABILITY = YES;
				ENABLE_USER_SCRIPT_SANDBOXING = YES;
				GCC_C_LANGUAGE_STANDARD = gnu17;
				GCC_DYNAMIC_NO_PIC = NO;
				GCC_NO_COMMON_BLOCKS = YES;
				GCC_OPTIMIZATION_LEVEL = 0;
				GCC_PREPROCESSOR_DEFINITIONS = (
					"DEBUG=1",
					"$(inherited)",
				);
				GCC_WARN_64_TO_32_BIT_CONVERSION = YES;
				GCC_WARN_ABOUT_RETURN_TYPE = YES_ERROR;
				GCC_WARN_UNDECLARED_SELECTOR = YES;
				GCC_WARN_UNINITIALIZED_AUTOS = YES_AGGRESSIVE;
				GCC_WARN_UNUSED_FUNCTION = YES;
				GCC_WARN_UNUSED_VARIABLE = YES;
				LOCALIZATION_PREFERS_STRING_CATALOGS = YES;
				MTL_ENABLE_DEBUG_INFO = INCLUDE_SOURCE;
				MTL_FAST_MATH = YES;
				ONLY_ACTIVE_ARCH = YES;
				SWIFT_ACTIVE_COMPILATION_CONDITIONS = "DEBUG $(inherited)";
				SWIFT_OPTIMIZATION_LEVEL = "-Onone";
			};
			name = Debug;
		};
		55DF306230487812009C9AE6 /* Release configuration for PBXProject "Compass" */ = {
			isa = XCBuildConfiguration;
			buildSettings = {
				ALWAYS_SEARCH_USER_PATHS = NO;
				ASSETCATALOG_COMPILER_GENERATE_SWIFT_ASSET_SYMBOL_EXTENSIONS = YES;
				CLANG_ANALYZER_NONNULL = YES;
				CLANG_ANALYZER_NUMBER_OBJECT_CONVERSION = YES_AGGRESSIVE;
				CLANG_CXX_LANGUAGE_STANDARD = "gnu++20";
				CLANG_ENABLE_MODULES = YES;
				CLANG_ENABLE_OBJC_ARC = YES;
				CLANG_ENABLE_OBJC_WEAK = YES;
				CLANG_WARN_BLOCK_CAPTURE_AUTORELEASING = YES;
				CLANG_WARN_BOOL_CONVERSION = YES;
				CLANG_WARN_COMMA = YES;
				CLANG_WARN_CONSTANT_CONVERSION = YES;
				CLANG_WARN_DEPRECATED_OBJC_IMPLEMENTATIONS = YES;
				CLANG_WARN_DIRECT_OBJC_ISA_USAGE = YES_ERROR;
				CLANG_WARN_DOCUMENTATION_COMMENTS = YES;
				CLANG_WARN_EMPTY_BODY = YES;
				CLANG_WARN_ENUM_CONVERSION = YES;
				CLANG_WARN_INFINITE_RECURSION = YES;
				CLANG_WARN_INT_CONVERSION = YES;
				CLANG_WARN_NON_LITERAL_NULL_CONVERSION = YES;
				CLANG_WARN_OBJC_IMPLICIT_RETAIN_SELF = YES;
				CLANG_WARN_OBJC_LITERAL_CONVERSION = YES;
				CLANG_WARN_OBJC_ROOT_CLASS = YES_ERROR;
				CLANG_WARN_QUOTED_INCLUDE_IN_FRAMEWORK_HEADER = YES;
				CLANG_WARN_RANGE_LOOP_ANALYSIS = YES;
				CLANG_WARN_STRICT_PROTOTYPES = YES;
				CLANG_WARN_SUSPICIOUS_MOVE = YES;
				CLANG_WARN_UNGUARDED_AVAILABILITY = YES_AGGRESSIVE;
				CLANG_WARN_UNREACHABLE_CODE = YES;
				CLANG_WARN__DUPLICATE_METHOD_MATCH = YES;
				COPY_PHASE_STRIP = NO;
				DEBUG_INFORMATION_FORMAT = "dwarf-with-dsym";
				DEVELOPMENT_TEAM = J3W2C3UWFS;
				ENABLE_NS_ASSERTIONS = NO;
				ENABLE_STRICT_OBJC_MSGSEND = YES;
				ENABLE_USER_SCRIPT_SANDBOXING = YES;
				GCC_C_LANGUAGE_STANDARD = gnu17;
				GCC_NO_COMMON_BLOCKS = YES;
				GCC_WARN_64_TO_32_BIT_CONVERSION = YES;
				GCC_WARN_ABOUT_RETURN_TYPE = YES_ERROR;
				GCC_WARN_UNDECLARED_SELECTOR = YES;
				GCC_WARN_UNINITIALIZED_AUTOS = YES_AGGRESSIVE;
				GCC_WARN_UNUSED_FUNCTION = YES;
				GCC_WARN_UNUSED_VARIABLE = YES;
				LOCALIZATION_PREFERS_STRING_CATALOGS = YES;
				MTL_ENABLE_DEBUG_INFO = NO;
				MTL_FAST_MATH = YES;
				SWIFT_COMPILATION_MODE = wholemodule;
			};
			name = Release;
		};
		55DF306430487812009C9AE6 /* Debug configuration for PBXNativeTarget "Compass Watch App" */ = {
			isa = XCBuildConfiguration;
			buildSettings = {
				ASSETCATALOG_COMPILER_APPICON_NAME = AppIcon;
				ASSETCATALOG_COMPILER_GLOBAL_ACCENT_COLOR_NAME = AccentColor;
				CODE_SIGN_STYLE = Automatic;
				CURRENT_PROJECT_VERSION = 1;
				DEVELOPMENT_TEAM = J3W2C3UWFS;
				ENABLE_PREVIEWS = YES;
				GENERATE_INFOPLIST_FILE = YES;
				INFOPLIST_KEY_CFBundleDisplayName = Compass;
				INFOPLIST_KEY_UISupportedInterfaceOrientations = "UIInterfaceOrientationPortrait UIInterfaceOrientationPortraitUpsideDown";
				INFOPLIST_KEY_WKWatchOnly = YES;
				LD_RUNPATH_SEARCH_PATHS = (
					"$(inherited)",
					"@executable_path/Frameworks",
				);
				MARKETING_VERSION = 1.0;
				PRODUCT_BUNDLE_IDENTIFIER = com.aleks616.feed.Compass.watchkitapp;
				PRODUCT_NAME = "$(TARGET_NAME)";
				SDKROOT = watchos;
				SKIP_INSTALL = YES;
				STRING_CATALOG_GENERATE_SYMBOLS = YES;
				SWIFT_APPROACHABLE_CONCURRENCY = YES;
				SWIFT_DEFAULT_ACTOR_ISOLATION = MainActor;
				SWIFT_EMIT_LOC_STRINGS = YES;
				SWIFT_UPCOMING_FEATURE_MEMBER_IMPORT_VISIBILITY = YES;
				SWIFT_VERSION = 5.0;
				TARGETED_DEVICE_FAMILY = 4;
				WATCHOS_DEPLOYMENT_TARGET = 26.6;
			};
			name = Debug;
		};
		55DF306530487812009C9AE6 /* Release configuration for PBXNativeTarget "Compass Watch App" */ = {
			isa = XCBuildConfiguration;
			buildSettings = {
				ASSETCATALOG_COMPILER_APPICON_NAME = AppIcon;
				ASSETCATALOG_COMPILER_GLOBAL_ACCENT_COLOR_NAME = AccentColor;
				CODE_SIGN_STYLE = Automatic;
				CURRENT_PROJECT_VERSION = 1;
				DEVELOPMENT_TEAM = J3W2C3UWFS;
				ENABLE_PREVIEWS = YES;
				GENERATE_INFOPLIST_FILE = YES;
				INFOPLIST_KEY_CFBundleDisplayName = Compass;
				INFOPLIST_KEY_UISupportedInterfaceOrientations = "UIInterfaceOrientationPortrait UIInterfaceOrientationPortraitUpsideDown";
				INFOPLIST_KEY_WKWatchOnly = YES;
				LD_RUNPATH_SEARCH_PATHS = (
					"$(inherited)",
					"@executable_path/Frameworks",
				);
				MARKETING_VERSION = 1.0;
				PRODUCT_BUNDLE_IDENTIFIER = com.aleks616.feed.Compass.watchkitapp;
				PRODUCT_NAME = "$(TARGET_NAME)";
				SDKROOT = watchos;
				SKIP_INSTALL = YES;
				STRING_CATALOG_GENERATE_SYMBOLS = YES;
				SWIFT_APPROACHABLE_CONCURRENCY = YES;
				SWIFT_DEFAULT_ACTOR_ISOLATION = MainActor;
				SWIFT_EMIT_LOC_STRINGS = YES;
				SWIFT_UPCOMING_FEATURE_MEMBER_IMPORT_VISIBILITY = YES;
				SWIFT_VERSION = 5.0;
				TARGETED_DEVICE_FAMILY = 4;
				VALIDATE_PRODUCT = YES;
				WATCHOS_DEPLOYMENT_TARGET = 26.6;
			};
			name = Release;
		};
		55DF306830487812009C9AE6 /* Debug configuration for PBXNativeTarget "Compass" */ = {
			isa = XCBuildConfiguration;
			buildSettings = {
				CODE_SIGN_STYLE = Automatic;
				CURRENT_PROJECT_VERSION = 1;
				DEVELOPMENT_TEAM = J3W2C3UWFS;
				INFOPLIST_KEY_CFBundleDisplayName = Compass;
				IPHONEOS_DEPLOYMENT_TARGET = 27.0;
				MARKETING_VERSION = 1.0;
				PRODUCT_BUNDLE_IDENTIFIER = com.aleks616.feed.Compass;
				PRODUCT_NAME = "$(TARGET_NAME)";
				SDKROOT = iphoneos;
				SWIFT_APPROACHABLE_CONCURRENCY = YES;
				SWIFT_UPCOMING_FEATURE_MEMBER_IMPORT_VISIBILITY = YES;
				SWIFT_VERSION = 5.0;
			};
			name = Debug;
		};
		55DF306930487812009C9AE6 /* Release configuration for PBXNativeTarget "Compass" */ = {
			isa = XCBuildConfiguration;
			buildSettings = {
				CODE_SIGN_STYLE = Automatic;
				CURRENT_PROJECT_VERSION = 1;
				DEVELOPMENT_TEAM = J3W2C3UWFS;
				INFOPLIST_KEY_CFBundleDisplayName = Compass;
				IPHONEOS_DEPLOYMENT_TARGET = 27.0;
				MARKETING_VERSION = 1.0;
				PRODUCT_BUNDLE_IDENTIFIER = com.aleks616.feed.Compass;
				PRODUCT_NAME = "$(TARGET_NAME)";
				SDKROOT = iphoneos;
				SWIFT_APPROACHABLE_CONCURRENCY = YES;
				SWIFT_UPCOMING_FEATURE_MEMBER_IMPORT_VISIBILITY = YES;
				SWIFT_VERSION = 5.0;
				VALIDATE_PRODUCT = YES;
			};
			name = Release;
		};
		55DF306B30487812009C9AE6 /* Debug configuration for PBXNativeTarget "Compass Watch AppTests" */ = {
			isa = XCBuildConfiguration;
			buildSettings = {
				BUNDLE_LOADER = "$(TEST_HOST)";
				CODE_SIGN_STYLE = Automatic;
				CURRENT_PROJECT_VERSION = 1;
				DEVELOPMENT_TEAM = J3W2C3UWFS;
				GENERATE_INFOPLIST_FILE = YES;
				MARKETING_VERSION = 1.0;
				PRODUCT_BUNDLE_IDENTIFIER = "com.aleks616.feed.Compass-Watch-AppTests";
				PRODUCT_NAME = "$(TARGET_NAME)";
				SDKROOT = watchos;
				STRING_CATALOG_GENERATE_SYMBOLS = NO;
				SWIFT_APPROACHABLE_CONCURRENCY = YES;
				SWIFT_EMIT_LOC_STRINGS = NO;
				SWIFT_UPCOMING_FEATURE_MEMBER_IMPORT_VISIBILITY = YES;
				SWIFT_VERSION = 5.0;
				TARGETED_DEVICE_FAMILY = 4;
				TEST_HOST = "$(BUILT_PRODUCTS_DIR)/Compass Watch App.app/$(BUNDLE_EXECUTABLE_FOLDER_PATH)/Compass Watch App";
				WATCHOS_DEPLOYMENT_TARGET = 27.0;
			};
			name = Debug;
		};
		55DF306C30487812009C9AE6 /* Release configuration for PBXNativeTarget "Compass Watch AppTests" */ = {
			isa = XCBuildConfiguration;
			buildSettings = {
				BUNDLE_LOADER = "$(TEST_HOST)";
				CODE_SIGN_STYLE = Automatic;
				CURRENT_PROJECT_VERSION = 1;
				DEVELOPMENT_TEAM = J3W2C3UWFS;
				GENERATE_INFOPLIST_FILE = YES;
				MARKETING_VERSION = 1.0;
				PRODUCT_BUNDLE_IDENTIFIER = "com.aleks616.feed.Compass-Watch-AppTests";
				PRODUCT_NAME = "$(TARGET_NAME)";
				SDKROOT = watchos;
				STRING_CATALOG_GENERATE_SYMBOLS = NO;
				SWIFT_APPROACHABLE_CONCURRENCY = YES;
				SWIFT_EMIT_LOC_STRINGS = NO;
				SWIFT_UPCOMING_FEATURE_MEMBER_IMPORT_VISIBILITY = YES;
				SWIFT_VERSION = 5.0;
				TARGETED_DEVICE_FAMILY = 4;
				TEST_HOST = "$(BUILT_PRODUCTS_DIR)/Compass Watch App.app/$(BUNDLE_EXECUTABLE_FOLDER_PATH)/Compass Watch App";
				VALIDATE_PRODUCT = YES;
				WATCHOS_DEPLOYMENT_TARGET = 27.0;
			};
			name = Release;
		};
		55DF306E30487812009C9AE6 /* Debug configuration for PBXNativeTarget "Compass Watch AppUITests" */ = {
			isa = XCBuildConfiguration;
			buildSettings = {
				CODE_SIGN_STYLE = Automatic;
				CURRENT_PROJECT_VERSION = 1;
				DEVELOPMENT_TEAM = J3W2C3UWFS;
				GENERATE_INFOPLIST_FILE = YES;
				MARKETING_VERSION = 1.0;
				PRODUCT_BUNDLE_IDENTIFIER = "com.aleks616.feed.Compass-Watch-AppUITests";
				PRODUCT_NAME = "$(TARGET_NAME)";
				SDKROOT = watchos;
				STRING_CATALOG_GENERATE_SYMBOLS = NO;
				SWIFT_APPROACHABLE_CONCURRENCY = YES;
				SWIFT_EMIT_LOC_STRINGS = NO;
				SWIFT_UPCOMING_FEATURE_MEMBER_IMPORT_VISIBILITY = YES;
				SWIFT_VERSION = 5.0;
				TARGETED_DEVICE_FAMILY = 4;
				TEST_TARGET_NAME = "Compass Watch App";
				WATCHOS_DEPLOYMENT_TARGET = 27.0;
			};
			name = Debug;
		};
		55DF306F30487812009C9AE6 /* Release configuration for PBXNativeTarget "Compass Watch AppUITests" */ = {
			isa = XCBuildConfiguration;
			buildSettings = {
				CODE_SIGN_STYLE = Automatic;
				CURRENT_PROJECT_VERSION = 1;
				DEVELOPMENT_TEAM = J3W2C3UWFS;
				GENERATE_INFOPLIST_FILE = YES;
				MARKETING_VERSION = 1.0;
				PRODUCT_BUNDLE_IDENTIFIER = "com.aleks616.feed.Compass-Watch-AppUITests";
				PRODUCT_NAME = "$(TARGET_NAME)";
				SDKROOT = watchos;
				STRING_CATALOG_GENERATE_SYMBOLS = NO;
				SWIFT_APPROACHABLE_CONCURRENCY = YES;
				SWIFT_EMIT_LOC_STRINGS = NO;
				SWIFT_UPCOMING_FEATURE_MEMBER_IMPORT_VISIBILITY = YES;
				SWIFT_VERSION = 5.0;
				TARGETED_DEVICE_FAMILY = 4;
				TEST_TARGET_NAME = "Compass Watch App";
				VALIDATE_PRODUCT = YES;
				WATCHOS_DEPLOYMENT_TARGET = 27.0;
			};
			name = Release;
		};
/* End XCBuildConfiguration section */

/* Begin XCConfigurationList section */
		55DF303930487811009C9AE6 /* Build configuration list for PBXProject "Compass" */ = {
			isa = XCConfigurationList;
			buildConfigurations = (
				55DF306130487812009C9AE6 /* Debug configuration for PBXProject "Compass" */,
				55DF306230487812009C9AE6 /* Release configuration for PBXProject "Compass" */,
			);
			defaultConfigurationName = Release;
		};
		55DF306330487812009C9AE6 /* Build configuration list for PBXNativeTarget "Compass Watch App" */ = {
			isa = XCConfigurationList;
			buildConfigurations = (
				55DF306430487812009C9AE6 /* Debug configuration for PBXNativeTarget "Compass Watch App" */,
				55DF306530487812009C9AE6 /* Release configuration for PBXNativeTarget "Compass Watch App" */,
			);
			defaultConfigurationName = Release;
		};
		55DF306730487812009C9AE6 /* Build configuration list for PBXNativeTarget "Compass" */ = {
			isa = XCConfigurationList;
			buildConfigurations = (
				55DF306830487812009C9AE6 /* Debug configuration for PBXNativeTarget "Compass" */,
				55DF306930487812009C9AE6 /* Release configuration for PBXNativeTarget "Compass" */,
			);
			defaultConfigurationName = Release;
		};
		55DF306A30487812009C9AE6 /* Build configuration list for PBXNativeTarget "Compass Watch AppTests" */ = {
			isa = XCConfigurationList;
			buildConfigurations = (
				55DF306B30487812009C9AE6 /* Debug configuration for PBXNativeTarget "Compass Watch AppTests" */,
				55DF306C30487812009C9AE6 /* Release configuration for PBXNativeTarget "Compass Watch AppTests" */,
			);
			defaultConfigurationName = Release;
		};
		55DF306D30487812009C9AE6 /* Build configuration list for PBXNativeTarget "Compass Watch AppUITests" */ = {
			isa = XCConfigurationList;
			buildConfigurations = (
				55DF306E30487812009C9AE6 /* Debug configuration for PBXNativeTarget "Compass Watch AppUITests" */,
				55DF306F30487812009C9AE6 /* Release configuration for PBXNativeTarget "Compass Watch AppUITests" */,
			);
			defaultConfigurationName = Release;
		};
/* End XCConfigurationList section */
	};
	rootObject = 55DF303630487811009C9AE6 /* Project object */;
	validationLevel = 1;
}
